// !$*UTF8*$!
{
	archiveVersion = 1;
	classes = {
	};
	objectVersion = 50;
	objects = {

/* Begin PBXBuildFile section */
		8EA60DC9237FC43D00AC9A19 /* return_fn_p.c in Sources */ = {isa = PBXBuildFile; fileRef = 8EA60DC8237FC43D00AC9A19 /* return_fn_p.c */; };
		8EA60DCC237FFEB800AC9A19 /* mynat.c in Sources */ = {isa = PBXBuildFile; fileRef = 8EA60DCB237FFEB800AC9A19 /* mynat.c */; };
		8EA60DCE2380097800AC9A19 /* new_nat.c in Sources */ = {isa = PBXBuildFile; fileRef = 8EA60DCD2380097800AC9A19 /* new_nat.c */; };
		8EE10806237D7B0E008BC67F /* netfilter.c in Sources */ = {isa = PBXBuildFile; fileRef = 8EE10805237D7B0E008BC67F /* netfilter.c */; };
/* End PBXBuildFile section */

/* Begin PBXCopyFilesBuildPhase section */
		8EE10800237D7B0E008BC67F /* CopyFiles */ = {
			isa = PBXCopyFilesBuildPhase;
			buildActionMask = 2147483647;
			dstPath = /usr/share/man/man1/;
			dstSubfolderSpec = 0;
			files = (
			);
			runOnlyForDeploymentPostprocessing = 1;
		};
/* End PBXCopyFilesBuildPhase section */

/* Begin PBXFileReference section */
		8EA60DC5237FC06B00AC9A19 /* netfilter.h */ = {isa = PBXFileReference; lastKnownFileType = sourcecode.c.h; path = netfilter.h; sourceTree = "<group>"; };
		8EA60DC7237FC24600AC9A19 /* hook_point.h */ = {isa = PBXFileReference; lastKnownFileType = sourcecode.c.h; path = hook_point.h; sourceTree = "<group>"; };
		8EA60DC8237FC43D00AC9A19 /* return_fn_p.c */ = {isa = PBXFileReference; lastKnownFileType = sourcecode.c.c; path = return_fn_p.c; sourceTree = "<group>"; };
		8EA60DCB237FFEB800AC9A19 /* mynat.c */ = {isa = PBXFileReference; lastKnownFileType = sourcecode.c.c; path = mynat.c; sourceTree = "<group>"; };
		8EA60DCD2380097800AC9A19 /* new_nat.c */ = {isa = PBXFileReference; lastKnownFileType = sourcecode.c.c; path = new_nat.c; sourceTree = "<group>"; };
		8EE10802237D7B0E008BC67F /* nefilter */ = {isa = PBXFileReference; explicitFileType = "compiled.mach-o.executable"; includeInIndex = 0; path = nefilter; sourceTree = BUILT_PRODUCTS_DIR; };
		8EE10805237D7B0E008BC67F /* netfilter.c */ = {isa = PBXFileReference; lastKnownFileType = sourcecode.c.c; path = netfilter.c; sourceTree = "<group>"; };
/* End PBXFileReference section */

/* Begin PBXFrameworksBuildPhase section */
		8EE107FF237D7B0E008BC67F /* Frameworks */ = {
			isa = PBXFrameworksBuildPhase;
			buildActionMask = 2147483647;
			files = (
			);
			runOnlyForDeploymentPostprocessing = 0;
		};
/* End PBXFrameworksBuildPhase section */

/* Begin PBXGroup section */
		8EA60DC6237FC22300AC9A19 /* test */ = {
			isa = PBXGroup;
			children = (
				8EA60DC7237FC24600AC9A19 /* hook_point.h */,
				8EA60DC8237FC43D00AC9A19 /* return_fn_p.c */,
			);
			path = test;
			sourceTree = "<group>";
		};
		8EA60DCA237FFE8F00AC9A19 /* other_nat */ = {
			isa = PBXGroup;
			children = (
				8EA60DCB237FFEB800AC9A19 /* mynat.c */,
				8EA60DCD2380097800AC9A19 /* new_nat.c */,
			);
			path = other_nat;
			sourceTree = "<group>";
		};
		8EE107F9237D7B0E008BC67F = {
			isa = PBXGroup;
			children = (
				8EE10804237D7B0E008BC67F /* nefilter */,
				8EE10803237D7B0E008BC67F /* Products */,
			);
			sourceTree = "<group>";
		};
		8EE10803237D7B0E008BC67F /* Products */ = {
			isa = PBXGroup;
			children = (
				8EE10802237D7B0E008BC67F /* nefilter */,
			);
			name = Products;
			sourceTree = "<group>";
		};
		8EE10804237D7B0E008BC67F /* nefilter */ = {
			isa = PBXGroup;
			children = (
				8EA60DCA237FFE8F00AC9A19 /* other_nat */,
				8EA60DC6237FC22300AC9A19 /* test */,
				8EE10805237D7B0E008BC67F /* netfilter.c */,
				8EA60DC5237FC06B00AC9A19 /* netfilter.h */,
			);
			path = nefilter;
			sourceTree = "<group>";
		};
/* End PBXGroup section */

/* Begin PBXNativeTarget section */
		8EE10801237D7B0E008BC67F /* nefilter */ = {
			isa = PBXNativeTarget;
			buildConfigurationList = 8EE10809237D7B0E008BC67F /* Build configuration list for PBXNativeTarget "nefilter" */;
			buildPhases = (
				8EE107FE237D7B0E008BC67F /* Sources */,
				8EE107FF237D7B0E008BC67F /* Frameworks */,
				8EE10800237D7B0E008BC67F /* CopyFiles */,
			);
			buildRules = (
			);
			dependencies = (
			);
			name = nefilter;
			productName = nefilter;
			productReference = 8EE10802237D7B0E008BC67F /* nefilter */;
			productType = "com.apple.product-type.tool";
		};
/* End PBXNativeTarget section */

/* Begin PBXProject section */
		8EE107FA237D7B0E008BC67F /* Project object */ = {
			isa = PBXProject;
			attributes = {
				LastUpgradeCheck = 1000;
				ORGANIZATIONNAME = "kun shen";
				TargetAttributes = {
					8EE10801237D7B0E008BC67F = {
						CreatedOnToolsVersion = 10.0;
					};
				};
			};
			buildConfigurationList = 8EE107FD237D7B0E008BC67F /* Build configuration list for PBXProject "nefilter" */;
			compatibilityVersion = "Xcode 9.3";
			developmentRegion = en;
			hasScannedForEncodings = 0;
			knownRegions = (
				en,
			);
			mainGroup = 8EE107F9237D7B0E008BC67F;
			productRefGroup = 8EE10803237D7B0E008BC67F /* Products */;
			projectDirPath = "";
			projectRoot = "";
			targets = (
				8EE10801237D7B0E008BC67F /* nefilter */,
			);
		};
/* End PBXProject section */

/* Begin PBXSourcesBuildPhase section */
		8EE107FE237D7B0E008BC67F /* Sources */ = {
			isa = PBXSourcesBuildPhase;
			buildActionMask = 2147483647;
			files = (
				8EA60DCC237FFEB800AC9A19 /* mynat.c in Sources */,
				8EA60DC9237FC43D00AC9A19 /* return_fn_p.c in Sources */,
				8EA60DCE2380097800AC9A19 /* new_nat.c in Sources */,
				8EE10806237D7B0E008BC67F /* netfilter.c in Sources */,
			);
			runOnlyForDeploymentPostprocessing = 0;
		};
/* End PBXSourcesBuildPhase section */

/* Begin XCBuildConfiguration section */
		8EE10807237D7B0E008BC67F /* Debug */ = {
			isa = XCBuildConfiguration;
			buildSettings = {
				ALWAYS_SEARCH_USER_PATHS = NO;
				CLANG_ANALYZER_NONNULL = YES;
				CLANG_ANALYZER_NUMBER_OBJECT_CONVERSION = YES_AGGRESSIVE;
				CLANG_CXX_LANGUAGE_STANDARD = "gnu++14";
				CLANG_CXX_LIBRARY = "libc++";
				CLANG_ENABLE_MODULES = YES;
				CLANG_ENABLE_OBJC_ARC = YES;
				CLANG_ENABLE_OBJC_WEAK = YES;
				CLANG_WARN_BLOCK_CAPTURE_AUTORELEASING = YES;
				CLANG_WARN_BOOL_CONVERSION = YES;
				CLANG_WARN_COMMA = YES;
				CLANG_WARN_CONSTANT_CONVERSION = YES;
				CLANG_WARN_DEPRECATED_OBJC_IMPLEMENTATIONS = YES;
				CLANG_WARN_DIRECT_OBJC_ISA_USAGE = YES_ERROR;
				CLANG_WARN_DOCUMENTATION_COMMENTS = YES;
				CLANG_WARN_EMPTY_BODY = YES;
				CLANG_WARN_ENUM_CONVERSION = YES;
				CLANG_WARN_INFINITE_RECURSION = YES;
				CLANG_WARN_INT_CONVERSION = YES;
				CLANG_WARN_NON_LITERAL_NULL_CONVERSION = YES;
				CLANG_WARN_OBJC_IMPLICIT_RETAIN_SELF = YES;
				CLANG_WARN_OBJC_LITERAL_CONVERSION = YES;
				CLANG_WARN_OBJC_ROOT_CLASS = YES_ERROR;
				CLANG_WARN_RANGE_LOOP_ANALYSIS = YES;
				CLANG_WARN_STRICT_PROTOTYPES = YES;
				CLANG_WARN_SUSPICIOUS_MOVE = YES;
				CLANG_WARN_UNGUARDED_AVAILABILITY = YES_AGGRESSIVE;
				CLANG_WARN_UNREACHABLE_CODE = YES;
				CLANG_WARN__DUPLICATE_METHOD_MATCH = YES;
				CODE_SIGN_IDENTITY = "-";
				COPY_PHASE_STRIP = NO;
				DEBUG_INFORMATION_FORMAT = dwarf;
				ENABLE_STRICT_OBJC_MSGSEND = YES;
				ENABLE_TESTABILITY = YES;
				GCC_C_LANGUAGE_STANDARD = gnu11;
				GCC_DYNAMIC_NO_PIC = NO;
				GCC_NO_COMMON_BLOCKS = YES;
				GCC_OPTIMIZATION_LEVEL = 0;
				GCC_PREPROCESSOR_DEFINITIONS = (
					"DEBUG=1",
					"$(inherited)",
				);
				GCC_WARN_64_TO_32_BIT_CONVERSION = YES;
				GCC_WARN_ABOUT_RETURN_TYPE = YES_ERROR;
				GCC_WARN_UNDECLARED_SELECTOR = YES;
				GCC_WARN_UNINITIALIZED_AUTOS = YES_AGGRESSIVE;
				GCC_WARN_UNUSED_FUNCTION = YES;
				GCC_WARN_UNUSED_VARIABLE = YES;
				MACOSX_DEPLOYMENT_TARGET = 10.15;
				MTL_ENABLE_DEBUG_INFO = INCLUDE_SOURCE;
				MTL_FAST_MATH = YES;
				ONLY_ACTIVE_ARCH = YES;
				SDKROOT = macosx;
			};
			name = Debug;
		};
		8EE10808237D7B0E008BC67F /* Release */ = {
			isa = XCBuildConfiguration;
			buildSettings = {
				ALWAYS_SEARCH_USER_PATHS = NO;
				CLANG_ANALYZER_NONNULL = YES;
				CLANG_ANALYZER_NUMBER_OBJECT_CONVERSION = YES_AGGRESSIVE;
				CLANG_CXX_LANGUAGE_STANDARD = "gnu++14";
				CLANG_CXX_LIBRARY = "libc++";
				CLANG_ENABLE_MODULES = YES;
				CLANG_ENABLE_OBJC_ARC = YES;
				CLANG_ENABLE_OBJC_WEAK = YES;
				CLANG_WARN_BLOCK_CAPTURE_AUTORELEASING = YES;
				CLANG_WARN_BOOL_CONVERSION = YES;
				CLANG_WARN_COMMA = YES;
				CLANG_WARN_CONSTANT_CONVERSION = YES;
				CLANG_WARN_DEPRECATED_OBJC_IMPLEMENTATIONS = YES;
				CLANG_WARN_DIRECT_OBJC_ISA_USAGE = YES_ERROR;
				CLANG_WARN_DOCUMENTATION_COMMENTS = YES;
				CLANG_WARN_EMPTY_BODY = YES;
				CLANG_WARN_ENUM_CONVERSION = YES;
				CLANG_WARN_INFINITE_RECURSION = YES;
				CLANG_WARN_INT_CONVERSION = YES;
				CLANG_WARN_NON_LITERAL_NULL_CONVERSION = YES;
				CLANG_WARN_OBJC_IMPLICIT_RETAIN_SELF = YES;
				CLANG_WARN_OBJC_LITERAL_CONVERSION = YES;
				CLANG_WARN_OBJC_ROOT_CLASS = YES_ERROR;
				CLANG_WARN_RANGE_LOOP_ANALYSIS = YES;
				CLANG_WARN_STRICT_PROTOTYPES = YES;
				CLANG_WARN_SUSPICIOUS_MOVE = YES;
				CLANG_WARN_UNGUARDED_AVAILABILITY = YES_AGGRESSIVE;
				CLANG_WARN_UNREACHABLE_CODE = YES;
				CLANG_WARN__DUPLICATE_METHOD_MATCH = YES;
				CODE_SIGN_IDENTITY = "-";
				COPY_PHASE_STRIP = NO;
				DEBUG_INFORMATION_FORMAT = "dwarf-with-dsym";
				ENABLE_NS_ASSERTIONS = NO;
				ENABLE_STRICT_OBJC_MSGSEND = YES;
				GCC_C_LANGUAGE_STANDARD = gnu11;
				GCC_NO_COMMON_BLOCKS = YES;
				GCC_WARN_64_TO_32_BIT_CONVERSION = YES;
				GCC_WARN_ABOUT_RETURN_TYPE = YES_ERROR;
				GCC_WARN_UNDECLARED_SELECTOR = YES;
				GCC_WARN_UNINITIALIZED_AUTOS = YES_AGGRESSIVE;
				GCC_WARN_UNUSED_FUNCTION = YES;
				GCC_WARN_UNUSED_VARIABLE = YES;
				MACOSX_DEPLOYMENT_TARGET = 10.15;
				MTL_ENABLE_DEBUG_INFO = NO;
				MTL_FAST_MATH = YES;
				SDKROOT = macosx;
			};
			name = Release;
		};
		8EE1080A237D7B0E008BC67F /* Debug */ = {
			isa = XCBuildConfiguration;
			buildSettings = {
				CODE_SIGN_STYLE = Automatic;
				PRODUCT_NAME = "$(TARGET_NAME)";
			};
			name = Debug;
		};
		8EE1080B237D7B0E008BC67F /* Release */ = {
			isa = XCBuildConfiguration;
			buildSettings = {
				CODE_SIGN_STYLE = Automatic;
				PRODUCT_NAME = "$(TARGET_NAME)";
			};
			name = Release;
		};
/* End XCBuildConfiguration section */

/* Begin XCConfigurationList section */
		8EE107FD237D7B0E008BC67F /* Build configuration list for PBXProject "nefilter" */ = {
			isa = XCConfigurationList;
			buildConfigurations = (
				8EE10807237D7B0E008BC67F /* Debug */,
				8EE10808237D7B0E008BC67F /* Release */,
			);
			defaultConfigurationIsVisible = 0;
			defaultConfigurationName = Release;
		};
		8EE10809237D7B0E008BC67F /* Build configuration list for PBXNativeTarget "nefilter" */ = {
			isa = XCConfigurationList;
			buildConfigurations = (
				8EE1080A237D7B0E008BC67F /* Debug */,
				8EE1080B237D7B0E008BC67F /* Release */,
			);
			defaultConfigurationIsVisible = 0;
			defaultConfigurationName = Release;
		};
/* End XCConfigurationList section */
	};
	rootObject = 8EE107FA237D7B0E008BC67F /* Project object */;
}
